
Microsoft Visual Studio Solution File, Format Version 12.00
# Visual Studio Version 16
VisualStudioVersion = 16.0.32002.261
MinimumVisualStudioVersion = 10.0.40219.1
Project("{FAE04EC0-301F-11D3-BF4B-00C04F79EFBC}") = "layoutSideBar", "layoutSideBar\layoutSideBar.csproj", "{39A17DA7-0CB2-4B11-9C1A-F4CC52DDE2D6}"
EndProject
Global
	GlobalSection(SolutionConfigurationPlatforms) = preSolution
		Debug|Any CPU = Debug|Any CPU
		Release|Any CPU = Release|Any CPU
	EndGlobalSection
	GlobalSection(ProjectConfigurationPlatforms) = postSolution
		{39A17DA7-0CB2-4B11-9C1A-F4CC52DDE2D6}.Debug|Any CPU.ActiveCfg = Debug|Any CPU
		{39A17DA7-0CB2-4B11-9C1A-F4CC52DDE2D6}.Debug|Any CPU.Build.0 = Debug|Any CPU
		{39A17DA7-0CB2-4B11-9C1A-F4CC52DDE2D6}.Release|Any CPU.ActiveCfg = Release|Any CPU
		{39A17DA7-0CB2-4B11-9C1A-F4CC52DDE2D6}.Release|Any CPU.Build.0 = Release|Any CPU
	EndGlobalSection
	GlobalSection(SolutionProperties) = preSolution
		HideSolutionNode = FALSE
	EndGlobalSection
	GlobalSection(ExtensibilityGlobals) = postSolution
		SolutionGuid = {9E91EC4E-55A0-4A48-BB02-5FD659122493}
	EndGlobalSection
EndGlobal
